// !$*UTF8*$!
{
	archiveVersion = 1;
	classes = {
	};
	objectVersion = 46;
	objects = {

/* Begin PBXBuildFile section */
		87911D5F1B5B90E300127E40 /* main.m in Sources */ = {isa = PBXBuildFile; fileRef = 87911D5E1B5B90E300127E40 /* main.m */; };
		87911D621B5B90E300127E40 /* AppDelegate.m in Sources */ = {isa = PBXBuildFile; fileRef = 87911D611B5B90E300127E40 /* AppDelegate.m */; };
		87911D651B5B90E300127E40 /* ViewController.m in Sources */ = {isa = PBXBuildFile; fileRef = 87911D641B5B90E300127E40 /* ViewController.m */; };
		87911D681B5B90E300127E40 /* Main.storyboard in Resources */ = {isa = PBXBuildFile; fileRef = 87911D661B5B90E300127E40 /* Main.storyboard */; };
		87911D6A1B5B90E300127E40 /* Images.xcassets in Resources */ = {isa = PBXBuildFile; fileRef = 87911D691B5B90E300127E40 /* Images.xcassets */; };
		87911D6D1B5B90E300127E40 /* LaunchScreen.xib in Resources */ = {isa = PBXBuildFile; fileRef = 87911D6B1B5B90E300127E40 /* LaunchScreen.xib */; };
		87911D791B5B90E300127E40 /* DualScreensTestTests.m in Sources */ = {isa = PBXBuildFile; fileRef = 87911D781B5B90E300127E40 /* DualScreensTestTests.m */; };
		87911D831B5B9A6100127E40 /* SecondWindow.xib in Resources */ = {isa = PBXBuildFile; fileRef = 87911D821B5B9A6100127E40 /* SecondWindow.xib */; };
/* End PBXBuildFile section */

/* Begin PBXContainerItemProxy section */
		87911D731B5B90E300127E40 /* PBXContainerItemProxy */ = {
			isa = PBXContainerItemProxy;
			containerPortal = 87911D511B5B90E300127E40 /* Project object */;
			proxyType = 1;
			remoteGlobalIDString = 87911D581B5B90E300127E40;
			remoteInfo = DualScreensTest;
		};
/* End PBXContainerItemProxy section */

/* Begin PBXFileReference section */
		87911D591B5B90E300127E40 /* DualScreensTest.app */ = {isa = PBXFileReference; explicitFileType = wrapper.application; includeInIndex = 0; path = DualScreensTest.app; sourceTree = BUILT_PRODUCTS_DIR; };
		87911D5D1B5B90E300127E40 /* Info.plist */ = {isa = PBXFileReference; lastKnownFileType = text.plist.xml; path = Info.plist; sourceTree = "<group>"; };
		87911D5E1B5B90E300127E40 /* main.m */ = {isa = PBXFileReference; lastKnownFileType = sourcecode.c.objc; path = main.m; sourceTree = "<group>"; };
		87911D601B5B90E300127E40 /* AppDelegate.h */ = {isa = PBXFileReference; lastKnownFileType = sourcecode.c.h; path = AppDelegate.h; sourceTree = "<group>"; };
		87911D611B5B90E300127E40 /* AppDelegate.m */ = {isa = PBXFileReference; lastKnownFileType = sourcecode.c.objc; path = AppDelegate.m; sourceTree = "<group>"; };
		87911D631B5B90E300127E40 /* ViewController.h */ = {isa = PBXFileReference; lastKnownFileType = sourcecode.c.h; path = ViewController.h; sourceTree = "<group>"; };
		87911D641B5B90E300127E40 /* ViewController.m */ = {isa = PBXFileReference; lastKnownFileType = sourcecode.c.objc; path = ViewController.m; sourceTree = "<group>"; };
		87911D671B5B90E300127E40 /* Base */ = {isa = PBXFileReference; lastKnownFileType = file.storyboard; name = Base; path = Base.lproj/Main.storyboard; sourceTree = "<group>"; };
		87911D691B5B90E300127E40 /* Images.xcassets */ = {isa = PBXFileReference; lastKnownFileType = folder.assetcatalog; path = Images.xcassets; sourceTree = "<group>"; };
		87911D6C1B5B90E300127E40 /* Base */ = {isa = PBXFileReference; lastKnownFileType = file.xib; name = Base; path = Base.lproj/LaunchScreen.xib; sourceTree = "<group>"; };
		87911D721B5B90E300127E40 /* DualScreensTestTests.xctest */ = {isa = PBXFileReference; explicitFileType = wrapper.cfbundle; includeInIndex = 0; path = DualScreensTestTests.xctest; sourceTree = BUILT_PRODUCTS_DIR; };
		87911D771B5B90E300127E40 /* Info.plist */ = {isa = PBXFileReference; lastKnownFileType = text.plist.xml; path = Info.plist; sourceTree = "<group>"; };
		87911D781B5B90E300127E40 /* DualScreensTestTests.m */ = {isa = PBXFileReference; lastKnownFileType = sourcecode.c.objc; path = DualScreensTestTests.m; sourceTree = "<group>"; };
		87911D821B5B9A6100127E40 /* SecondWindow.xib */ = {isa = PBXFileReference; fileEncoding = 4; lastKnownFileType = file.xib; path = SecondWindow.xib; sourceTree = "<group>"; };
/* End PBXFileReference section */

/* Begin PBXFrameworksBuildPhase section */
		87911D561B5B90E300127E40 /* Frameworks */ = {
			isa = PBXFrameworksBuildPhase;
			buildActionMask = 2147483647;
			files = (
			);
			runOnlyForDeploymentPostprocessing = 0;
		};
		87911D6F1B5B90E300127E40 /* Frameworks */ = {
			isa = PBXFrameworksBuildPhase;
			buildActionMask = 2147483647;
			files = (
			);
			runOnlyForDeploymentPostprocessing = 0;
		};
/* End PBXFrameworksBuildPhase section */

/* Begin PBXGroup section */
		87911D501B5B90E300127E40 = {
			isa = PBXGroup;
			children = (
				87911D5B1B5B90E300127E40 /* DualScreensTest */,
				87911D751B5B90E300127E40 /* DualScreensTestTests */,
				87911D5A1B5B90E300127E40 /* Products */,
			);
			sourceTree = "<group>";
		};
		87911D5A1B5B90E300127E40 /* Products */ = {
			isa = PBXGroup;
			children = (
				87911D591B5B90E300127E40 /* DualScreensTest.app */,
				87911D721B5B90E300127E40 /* DualScreensTestTests.xctest */,
			);
			name = Products;
			sourceTree = "<group>";
		};
		87911D5B1B5B90E300127E40 /* DualScreensTest */ = {
			isa = PBXGroup;
			children = (
				87911D601B5B90E300127E40 /* AppDelegate.h */,
				87911D611B5B90E300127E40 /* AppDelegate.m */,
				87911D631B5B90E300127E40 /* ViewController.h */,
				87911D641B5B90E300127E40 /* ViewController.m */,
				87911D661B5B90E300127E40 /* Main.storyboard */,
				87911D691B5B90E300127E40 /* Images.xcassets */,
				87911D6B1B5B90E300127E40 /* LaunchScreen.xib */,
				87911D5C1B5B90E300127E40 /* Supporting Files */,
				87911D821B5B9A6100127E40 /* SecondWindow.xib */,
			);
			path = DualScreensTest;
			sourceTree = "<group>";
		};
		87911D5C1B5B90E300127E40 /* Supporting Files */ = {
			isa = PBXGroup;
			children = (
				87911D5D1B5B90E300127E40 /* Info.plist */,
				87911D5E1B5B90E300127E40 /* main.m */,
			);
			name = "Supporting Files";
			sourceTree = "<group>";
		};
		87911D751B5B90E300127E40 /* DualScreensTestTests */ = {
			isa = PBXGroup;
			children = (
				87911D781B5B90E300127E40 /* DualScreensTestTests.m */,
				87911D761B5B90E300127E40 /* Supporting Files */,
			);
			path = DualScreensTestTests;
			sourceTree = "<group>";
		};
		87911D761B5B90E300127E40 /* Supporting Files */ = {
			isa = PBXGroup;
			children = (
				87911D771B5B90E300127E40 /* Info.plist */,
			);
			name = "Supporting Files";
			sourceTree = "<group>";
		};
/* End PBXGroup section */

/* Begin PBXNativeTarget section */
		87911D581B5B90E300127E40 /* DualScreensTest */ = {
			isa = PBXNativeTarget;
			buildConfigurationList = 87911D7C1B5B90E300127E40 /* Build configuration list for PBXNativeTarget "DualScreensTest" */;
			buildPhases = (
				87911D551B5B90E300127E40 /* Sources */,
				87911D561B5B90E300127E40 /* Frameworks */,
				87911D571B5B90E300127E40 /* Resources */,
			);
			buildRules = (
			);
			dependencies = (
			);
			name = DualScreensTest;
			productName = DualScreensTest;
			productReference = 87911D591B5B90E300127E40 /* DualScreensTest.app */;
			productType = "com.apple.product-type.application";
		};
		87911D711B5B90E300127E40 /* DualScreensTestTests */ = {
			isa = PBXNativeTarget;
			buildConfigurationList = 87911D7F1B5B90E300127E40 /* Build configuration list for PBXNativeTarget "DualScreensTestTests" */;
			buildPhases = (
				87911D6E1B5B90E300127E40 /* Sources */,
				87911D6F1B5B90E300127E40 /* Frameworks */,
				87911D701B5B90E300127E40 /* Resources */,
			);
			buildRules = (
			);
			dependencies = (
				87911D741B5B90E300127E40 /* PBXTargetDependency */,
			);
			name = DualScreensTestTests;
			productName = DualScreensTestTests;
			productReference = 87911D721B5B90E300127E40 /* DualScreensTestTests.xctest */;
			productType = "com.apple.product-type.bundle.unit-test";
		};
/* End PBXNativeTarget section */

/* Begin PBXProject section */
		87911D511B5B90E300127E40 /* Project object */ = {
			isa = PBXProject;
			attributes = {
				LastUpgradeCheck = 0640;
				ORGANIZATIONNAME = "michael febrianto";
				TargetAttributes = {
					87911D581B5B90E300127E40 = {
						CreatedOnToolsVersion = 6.4;
					};
					87911D711B5B90E300127E40 = {
						CreatedOnToolsVersion = 6.4;
						TestTargetID = 87911D581B5B90E300127E40;
					};
				};
			};
			buildConfigurationList = 87911D541B5B90E300127E40 /* Build configuration list for PBXProject "DualScreensTest" */;
			compatibilityVersion = "Xcode 3.2";
			developmentRegion = English;
			hasScannedForEncodings = 0;
			knownRegions = (
				en,
				Base,
			);
			mainGroup = 87911D501B5B90E300127E40;
			productRefGroup = 87911D5A1B5B90E300127E40 /* Products */;
			projectDirPath = "";
			projectRoot = "";
			targets = (
				87911D581B5B90E300127E40 /* DualScreensTest */,
				87911D711B5B90E300127E40 /* DualScreensTestTests */,
			);
		};
/* End PBXProject section */

/* Begin PBXResourcesBuildPhase section */
		87911D571B5B90E300127E40 /* Resources */ = {
			isa = PBXResourcesBuildPhase;
			buildActionMask = 2147483647;
			files = (
				87911D681B5B90E300127E40 /* Main.storyboard in Resources */,
				87911D831B5B9A6100127E40 /* SecondWindow.xib in Resources */,
				87911D6D1B5B90E300127E40 /* LaunchScreen.xib in Resources */,
				87911D6A1B5B90E300127E40 /* Images.xcassets in Resources */,
			);
			runOnlyForDeploymentPostprocessing = 0;
		};
		87911D701B5B90E300127E40 /* Resources */ = {
			isa = PBXResourcesBuildPhase;
			buildActionMask = 2147483647;
			files = (
			);
			runOnlyForDeploymentPostprocessing = 0;
		};
/* End PBXResourcesBuildPhase section */

/* Begin PBXSourcesBuildPhase section */
		87911D551B5B90E300127E40 /* Sources */ = {
			isa = PBXSourcesBuildPhase;
			buildActionMask = 2147483647;
			files = (
				87911D651B5B90E300127E40 /* ViewController.m in Sources */,
				87911D621B5B90E300127E40 /* AppDelegate.m in Sources */,
				87911D5F1B5B90E300127E40 /* main.m in Sources */,
			);
			runOnlyForDeploymentPostprocessing = 0;
		};
		87911D6E1B5B90E300127E40 /* Sources */ = {
			isa = PBXSourcesBuildPhase;
			buildActionMask = 2147483647;
			files = (
				87911D791B5B90E300127E40 /* DualScreensTestTests.m in Sources */,
			);
			runOnlyForDeploymentPostprocessing = 0;
		};
/* End PBXSourcesBuildPhase section */

/* Begin PBXTargetDependency section */
		87911D741B5B90E300127E40 /* PBXTargetDependency */ = {
			isa = PBXTargetDependency;
			target = 87911D581B5B90E300127E40 /* DualScreensTest */;
			targetProxy = 87911D731B5B90E300127E40 /* PBXContainerItemProxy */;
		};
/* End PBXTargetDependency section */

/* Begin PBXVariantGroup section */
		87911D661B5B90E300127E40 /* Main.storyboard */ = {
			isa = PBXVariantGroup;
			children = (
				87911D671B5B90E300127E40 /* Base */,
			);
			name = Main.storyboard;
			sourceTree = "<group>";
		};
		87911D6B1B5B90E300127E40 /* LaunchScreen.xib */ = {
			isa = PBXVariantGroup;
			children = (
				87911D6C1B5B90E300127E40 /* Base */,
			);
			name = LaunchScreen.xib;
			sourceTree = "<group>";
		};
/* End PBXVariantGroup section */

/* Begin XCBuildConfiguration section */
		87911D7A1B5B90E300127E40 /* Debug */ = {
			isa = XCBuildConfiguration;
			buildSettings = {
				ALWAYS_SEARCH_USER_PATHS = NO;
				CLANG_CXX_LANGUAGE_STANDARD = "gnu++0x";
				CLANG_CXX_LIBRARY = "libc++";
				CLANG_ENABLE_MODULES = YES;
				CLANG_ENABLE_OBJC_ARC = YES;
				CLANG_WARN_BOOL_CONVERSION = YES;
				CLANG_WARN_CONSTANT_CONVERSION = YES;
				CLANG_WARN_DIRECT_OBJC_ISA_USAGE = YES_ERROR;
				CLANG_WARN_EMPTY_BODY = YES;
				CLANG_WARN_ENUM_CONVERSION = YES;
				CLANG_WARN_INT_CONVERSION = YES;
				CLANG_WARN_OBJC_ROOT_CLASS = YES_ERROR;
				CLANG_WARN_UNREACHABLE_CODE = YES;
				CLANG_WARN__DUPLICATE_METHOD_MATCH = YES;
				"CODE_SIGN_IDENTITY[sdk=iphoneos*]" = "iPhone Developer";
				COPY_PHASE_STRIP = NO;
				DEBUG_INFORMATION_FORMAT = "dwarf-with-dsym";
				ENABLE_STRICT_OBJC_MSGSEND = YES;
				GCC_C_LANGUAGE_STANDARD = gnu99;
				GCC_DYNAMIC_NO_PIC = NO;
				GCC_NO_COMMON_BLOCKS = YES;
				GCC_OPTIMIZATION_LEVEL = 0;
				GCC_PREPROCESSOR_DEFINITIONS = (
					"DEBUG=1",
					"$(inherited)",
				);
				GCC_SYMBOLS_PRIVATE_EXTERN = NO;
				GCC_WARN_64_TO_32_BIT_CONVERSION = YES;
				GCC_WARN_ABOUT_RETURN_TYPE = YES_ERROR;
				GCC_WARN_UNDECLARED_SELECTOR = YES;
				GCC_WARN_UNINITIALIZED_AUTOS = YES_AGGRESSIVE;
				GCC_WARN_UNUSED_FUNCTION = YES;
				GCC_WARN_UNUSED_VARIABLE = YES;
				IPHONEOS_DEPLOYMENT_TARGET = 8.4;
				MTL_ENABLE_DEBUG_INFO = YES;
				ONLY_ACTIVE_ARCH = YES;
				SDKROOT = iphoneos;
				TARGETED_DEVICE_FAMILY = 2;
			};
			name = Debug;
		};
		87911D7B1B5B90E300127E40 /* Release */ = {
			isa = XCBuildConfiguration;
			buildSettings = {
				ALWAYS_SEARCH_USER_PATHS = NO;
				CLANG_CXX_LANGUAGE_STANDARD = "gnu++0x";
				CLANG_CXX_LIBRARY = "libc++";
				CLANG_ENABLE_MODULES = YES;
				CLANG_ENABLE_OBJC_ARC = YES;
				CLANG_WARN_BOOL_CONVERSION = YES;
				CLANG_WARN_CONSTANT_CONVERSION = YES;
				CLANG_WARN_DIRECT_OBJC_ISA_USAGE = YES_ERROR;
				CLANG_WARN_EMPTY_BODY = YES;
				CLANG_WARN_ENUM_CONVERSION = YES;
				CLANG_WARN_INT_CONVERSION = YES;
				CLANG_WARN_OBJC_ROOT_CLASS = YES_ERROR;
				CLANG_WARN_UNREACHABLE_CODE = YES;
				CLANG_WARN__DUPLICATE_METHOD_MATCH = YES;
				"CODE_SIGN_IDENTITY[sdk=iphoneos*]" = "iPhone Developer";
				COPY_PHASE_STRIP = NO;
				DEBUG_INFORMATION_FORMAT = "dwarf-with-dsym";
				ENABLE_NS_ASSERTIONS = NO;
				ENABLE_STRICT_OBJC_MSGSEND = YES;
				GCC_C_LANGUAGE_STANDARD = gnu99;
				GCC_NO_COMMON_BLOCKS = YES;
				GCC_WARN_64_TO_32_BIT_CONVERSION = YES;
				GCC_WARN_ABOUT_RETURN_TYPE = YES_ERROR;
				GCC_WARN_UNDECLARED_SELECTOR = YES;
				GCC_WARN_UNINITIALIZED_AUTOS = YES_AGGRESSIVE;
				GCC_WARN_UNUSED_FUNCTION = YES;
				GCC_WARN_UNUSED_VARIABLE = YES;
				IPHONEOS_DEPLOYMENT_TARGET = 8.4;
				MTL_ENABLE_DEBUG_INFO = NO;
				SDKROOT = iphoneos;
				TARGETED_DEVICE_FAMILY = 2;
				VALIDATE_PRODUCT = YES;
			};
			name = Release;
		};
		87911D7D1B5B90E300127E40 /* Debug */ = {
			isa = XCBuildConfiguration;
			buildSettings = {
				ASSETCATALOG_COMPILER_APPICON_NAME = AppIcon;
				INFOPLIST_FILE = DualScreensTest/Info.plist;
				LD_RUNPATH_SEARCH_PATHS = "$(inherited) @executable_path/Frameworks";
				PRODUCT_NAME = "$(TARGET_NAME)";
			};
			name = Debug;
		};
		87911D7E1B5B90E300127E40 /* Release */ = {
			isa = XCBuildConfiguration;
			buildSettings = {
				ASSETCATALOG_COMPILER_APPICON_NAME = AppIcon;
				INFOPLIST_FILE = DualScreensTest/Info.plist;
				LD_RUNPATH_SEARCH_PATHS = "$(inherited) @executable_path/Frameworks";
				PRODUCT_NAME = "$(TARGET_NAME)";
			};
			name = Release;
		};
		87911D801B5B90E300127E40 /* Debug */ = {
			isa = XCBuildConfiguration;
			buildSettings = {
				BUNDLE_LOADER = "$(TEST_HOST)";
				FRAMEWORK_SEARCH_PATHS = (
					"$(SDKROOT)/Developer/Library/Frameworks",
					"$(inherited)",
				);
				GCC_PREPROCESSOR_DEFINITIONS = (
					"DEBUG=1",
					"$(inherited)",
				);
				INFOPLIST_FILE = DualScreensTestTests/Info.plist;
				LD_RUNPATH_SEARCH_PATHS = "$(inherited) @executable_path/Frameworks @loader_path/Frameworks";
				PRODUCT_NAME = "$(TARGET_NAME)";
				TEST_HOST = "$(BUILT_PRODUCTS_DIR)/DualScreensTest.app/DualScreensTest";
			};
			name = Debug;
		};
		87911D811B5B90E300127E40 /* Release */ = {
			isa = XCBuildConfiguration;
			buildSettings = {
				BUNDLE_LOADER = "$(TEST_HOST)";
				FRAMEWORK_SEARCH_PATHS = (
					"$(SDKROOT)/Developer/Library/Frameworks",
					"$(inherited)",
				);
				INFOPLIST_FILE = DualScreensTestTests/Info.plist;
				LD_RUNPATH_SEARCH_PATHS = "$(inherited) @executable_path/Frameworks @loader_path/Frameworks";
				PRODUCT_NAME = "$(TARGET_NAME)";
				TEST_HOST = "$(BUILT_PRODUCTS_DIR)/DualScreensTest.app/DualScreensTest";
			};
			name = Release;
		};
/* End XCBuildConfiguration section */

/* Begin XCConfigurationList section */
		87911D541B5B90E300127E40 /* Build configuration list for PBXProject "DualScreensTest" */ = {
			isa = XCConfigurationList;
			buildConfigurations = (
				87911D7A1B5B90E300127E40 /* Debug */,
				87911D7B1B5B90E300127E40 /* Release */,
			);
			defaultConfigurationIsVisible = 0;
			defaultConfigurationName = Release;
		};
		87911D7C1B5B90E300127E40 /* Build configuration list for PBXNativeTarget "DualScreensTest" */ = {
			isa = XCConfigurationList;
			buildConfigurations = (
				87911D7D1B5B90E300127E40 /* Debug */,
				87911D7E1B5B90E300127E40 /* Release */,
			);
			defaultConfigurationIsVisible = 0;
		};
		87911D7F1B5B90E300127E40 /* Build configuration list for PBXNativeTarget "DualScreensTestTests" */ = {
			isa = XCConfigurationList;
			buildConfigurations = (
				87911D801B5B90E300127E40 /* Debug */,
				87911D811B5B90E300127E40 /* Release */,
			);
			defaultConfigurationIsVisible = 0;
		};
/* End XCConfigurationList section */
	};
	rootObject = 87911D511B5B90E300127E40 /* Project object */;
}
